<?xml version="1.0" encoding="utf-8"?>
<Project ToolsVersion="4.0" xmlns="http://schemas.microsoft.com/developer/msbuild/2003">
  <ItemGroup>
    <Filter Include="ソース ファイル">
      <UniqueIdentifier>{4FC737F1-C7A5-4376-A066-2A32D752A2FF}</UniqueIdentifier>
      <Extensions>cpp;c;cc;cxx;def;odl;idl;hpj;bat;asm;asmx</Extensions>
    </Filter>
    <Filter Include="ヘッダー ファイル">
      <UniqueIdentifier>{93995380-89BD-4b04-88EB-625FBE52EBFB}</UniqueIdentifier>
      <Extensions>h;hh;hpp;hxx;hm;inl;inc;ipp;xsd</Extensions>
    </Filter>
    <Filter Include="リソース ファイル">
      <UniqueIdentifier>{67DA6AB6-F800-4c08-8B7A-83BB121AAD01}</UniqueIdentifier>
      <Extensions>rc;ico;cur;bmp;dlg;rc2;rct;bin;rgs;gif;jpg;jpeg;jpe;resx;tiff;tif;png;wav;mfcribbon-ms</Extensions>
    </Filter>
    <Filter Include="ソース ファイル\System">
      <UniqueIdentifier>{cff121a5-779a-4a01-b6fb-15aeff91c5dd}</UniqueIdentifier>
    </Filter>
    <Filter Include="ソース ファイル\App">
      <UniqueIdentifier>{588a4496-b346-4a81-87d5-96a0fe6924e4}</UniqueIdentifier>
    </Filter>
    <Filter Include="ヘッダー ファイル\App">
      <UniqueIdentifier>{5aa3aa10-dc7f-46be-8c75-83bafdf55152}</UniqueIdentifier>
    </Filter>
    <Filter Include="ヘッダー ファイル\System">
      <UniqueIdentifier>{111375b6-b51d-4735-bc3a-54c4c8ba1de6}</UniqueIdentifier>
    </Filter>
    <Filter Include="リソース ファイル\Shader">
      <UniqueIdentifier>{fdcc3f57-5e92-4637-8bc3-6bdcaefed684}</UniqueIdentifier>
    </Filter>
    <Filter Include="ソース ファイル\System\Graphics">
      <UniqueIdentifier>{4ca07428-2187-4549-8af4-412e84cd31ec}</UniqueIdentifier>
    </Filter>
    <Filter Include="ヘッダー ファイル\System\Graphics">
      <UniqueIdentifier>{990510fc-5b5b-4b29-8dc2-dad5ba17fc72}</UniqueIdentifier>
    </Filter>
    <Filter Include="ソース ファイル\System\Camera">
      <UniqueIdentifier>{aa1f4b0c-5c1d-4e4d-a1eb-1d94c7eada0f}</UniqueIdentifier>
    </Filter>
    <Filter Include="ソース ファイル\System\Scene">
      <UniqueIdentifier>{4c5973e6-016f-4005-a324-ea54cd98ec20}</UniqueIdentifier>
    </Filter>
    <Filter Include="ヘッダー ファイル\System\Camera">
      <UniqueIdentifier>{8d0f10ad-7f2e-4ae5-867c-ce9d38e5ddbc}</UniqueIdentifier>
    </Filter>
    <Filter Include="ヘッダー ファイル\System\Scene">
      <UniqueIdentifier>{94756897-ba90-4d57-9ff3-2031a37fb767}</UniqueIdentifier>
    </Filter>
    <Filter Include="ソース ファイル\App\Character">
      <UniqueIdentifier>{7ce97336-cdf1-46e0-abcd-738a36cab552}</UniqueIdentifier>
    </Filter>
    <Filter Include="ヘッダー ファイル\App\Character">
      <UniqueIdentifier>{b6cb6b9f-4a55-48aa-90ff-0c11025e0f5d}</UniqueIdentifier>
    </Filter>
  </ItemGroup>
  <ItemGroup>
    <ClCompile Include="AssimpModel.cpp">
      <Filter>ソース ファイル\System</Filter>
    </ClCompile>
    <ClCompile Include="main.cpp">
      <Filter>ソース ファイル\System</Filter>
    </ClCompile>
    <ClCompile Include="Shader.cpp">
      <Filter>ソース ファイル\System</Filter>
    </ClCompile>
    <ClCompile Include="Sound.cpp">
      <Filter>ソース ファイル\System</Filter>
    </ClCompile>
    <ClCompile Include="DebugProc.cpp">
      <Filter>ソース ファイル\System</Filter>
    </ClCompile>
    <ClCompile Include="GameObj.cpp">
      <Filter>ソース ファイル\System</Filter>
    </ClCompile>
    <ClCompile Include="Game.cpp">
      <Filter>ソース ファイル\System</Filter>
    </ClCompile>
    <ClCompile Include="Mesh.cpp">
      <Filter>ソース ファイル\System</Filter>
    </ClCompile>
    <ClCompile Include="Model.cpp">
      <Filter>ソース ファイル\System</Filter>
    </ClCompile>
    <ClCompile Include="Polygon.cpp">
      <Filter>ソース ファイル\System</Filter>
    </ClCompile>
    <ClCompile Include="Box.cpp">
      <Filter>ソース ファイル\App</Filter>
    </ClCompile>
    <ClCompile Include="Camera.cpp">
      <Filter>ソース ファイル\App</Filter>
    </ClCompile>
    <ClCompile Include="Explosion.cpp">
      <Filter>ソース ファイル\App</Filter>
    </ClCompile>
    <ClCompile Include="Input.cpp">
      <Filter>ソース ファイル\App</Filter>
    </ClCompile>
    <ClCompile Include="Light.cpp">
      <Filter>ソース ファイル\App</Filter>
    </ClCompile>
    <ClCompile Include="Missile.cpp">
      <Filter>ソース ファイル\App</Filter>
    </ClCompile>
    <ClCompile Include="Scene.cpp">
      <Filter>ソース ファイル\App</Filter>
    </ClCompile>
    <ClCompile Include="Sphere.cpp">
      <Filter>ソース ファイル\App</Filter>
    </ClCompile>
    <ClCompile Include="Texture.cpp">
      <Filter>ソース ファイル\App</Filter>
    </ClCompile>
    <ClCompile Include="Title.cpp">
      <Filter>ソース ファイル\App</Filter>
    </ClCompile>
    <ClCompile Include="Result.cpp">
      <Filter>ソース ファイル\App</Filter>
    </ClCompile>
    <ClCompile Include="Tutorial.cpp">
      <Filter>ソース ファイル\App</Filter>
    </ClCompile>
    <ClCompile Include="Fade.cpp">
      <Filter>ソース ファイル\System</Filter>
    </ClCompile>
    <ClCompile Include="System\Graphics\DirectX11.cpp">
      <Filter>ソース ファイル\System\Graphics</Filter>
    </ClCompile>
    <ClCompile Include="Enemy.cpp">
      <Filter>ソース ファイル\App\Character</Filter>
    </ClCompile>
    <ClCompile Include="Player.cpp">
      <Filter>ソース ファイル\App\Character</Filter>
    </ClCompile>
  </ItemGroup>
  <ItemGroup>
    <ClInclude Include="AssimpModel.h">
      <Filter>ヘッダー ファイル\System</Filter>
    </ClInclude>
    <ClInclude Include="DebugProc.h">
      <Filter>ヘッダー ファイル\System</Filter>
    </ClInclude>
    <ClInclude Include="Game.h">
      <Filter>ヘッダー ファイル\System</Filter>
    </ClInclude>
    <ClInclude Include="GameObj.h">
      <Filter>ヘッダー ファイル\System</Filter>
    </ClInclude>
    <ClInclude Include="Input.h">
      <Filter>ヘッダー ファイル\System</Filter>
    </ClInclude>
    <ClInclude Include="main.h">
      <Filter>ヘッダー ファイル\System</Filter>
    </ClInclude>
    <ClInclude Include="Mesh.h">
      <Filter>ヘッダー ファイル\System</Filter>
    </ClInclude>
    <ClInclude Include="Model.h">
      <Filter>ヘッダー ファイル\System</Filter>
    </ClInclude>
    <ClInclude Include="Polygon.h">
      <Filter>ヘッダー ファイル\System</Filter>
    </ClInclude>
    <ClInclude Include="resource.h">
      <Filter>ヘッダー ファイル\System</Filter>
    </ClInclude>
    <ClInclude Include="Shader.h">
      <Filter>ヘッダー ファイル\System</Filter>
    </ClInclude>
    <ClInclude Include="Sound.h">
      <Filter>ヘッダー ファイル\System</Filter>
    </ClInclude>
    <ClInclude Include="SoundData.h">
      <Filter>ヘッダー ファイル\System</Filter>
    </ClInclude>
    <ClInclude Include="SoundData.hpp">
      <Filter>ヘッダー ファイル\System</Filter>
    </ClInclude>
    <ClInclude Include="Box.h">
      <Filter>ヘッダー ファイル\App</Filter>
    </ClInclude>
    <ClInclude Include="Camera.h">
      <Filter>ヘッダー ファイル\App</Filter>
    </ClInclude>
    <ClInclude Include="Explosion.h">
      <Filter>ヘッダー ファイル\App</Filter>
    </ClInclude>
    <ClInclude Include="Fade.h">
      <Filter>ヘッダー ファイル\App</Filter>
    </ClInclude>
    <ClInclude Include="Missile.h">
      <Filter>ヘッダー ファイル\App</Filter>
    </ClInclude>
    <ClInclude Include="Light.h">
      <Filter>ヘッダー ファイル\App</Filter>
    </ClInclude>
    <ClInclude Include="Scene.h">
      <Filter>ヘッダー ファイル\App</Filter>
    </ClInclude>
    <ClInclude Include="Sphere.h">
      <Filter>ヘッダー ファイル\App</Filter>
    </ClInclude>
    <ClInclude Include="Texture.h">
      <Filter>ヘッダー ファイル\App</Filter>
    </ClInclude>
    <ClInclude Include="Title.h">
      <Filter>ヘッダー ファイル\App</Filter>
    </ClInclude>
    <ClInclude Include="Result.h">
      <Filter>ヘッダー ファイル\App</Filter>
    </ClInclude>
    <ClInclude Include="Tutorial.h">
      <Filter>ヘッダー ファイル\App</Filter>
    </ClInclude>
    <ClInclude Include="System\Graphics\DirectX11.h">
      <Filter>ヘッダー ファイル\System\Graphics</Filter>
    </ClInclude>
    <ClInclude Include="Enemy.h">
      <Filter>ヘッダー ファイル\App\Character</Filter>
    </ClInclude>
    <ClInclude Include="Player.h">
      <Filter>ヘッダー ファイル\App\Character</Filter>
    </ClInclude>
  </ItemGroup>
  <ItemGroup>
    <FxCompile Include="AssimpPixel.hlsl">
      <Filter>リソース ファイル\Shader</Filter>
    </FxCompile>
    <FxCompile Include="AssimpVertex.hlsl">
      <Filter>リソース ファイル\Shader</Filter>
    </FxCompile>
    <FxCompile Include="Pixel.hlsl">
      <Filter>リソース ファイル\Shader</Filter>
    </FxCompile>
    <FxCompile Include="Pixel2D.hlsl">
      <Filter>リソース ファイル\Shader</Filter>
    </FxCompile>
    <FxCompile Include="ExpVertex.hlsl">
      <Filter>リソース ファイル\Shader</Filter>
    </FxCompile>
    <FxCompile Include="ExpPixel.hlsl">
      <Filter>リソース ファイル\Shader</Filter>
    </FxCompile>
    <FxCompile Include="Vertex.hlsl">
      <Filter>リソース ファイル\Shader</Filter>
    </FxCompile>
    <FxCompile Include="Vertex2D.hlsl">
      <Filter>リソース ファイル\Shader</Filter>
    </FxCompile>
  </ItemGroup>
  <ItemGroup>
    <ResourceCompile Include="DX11Game.rc">
      <Filter>リソース ファイル</Filter>
    </ResourceCompile>
  </ItemGroup>
  <ItemGroup>
    <Image Include="res\directx11.ico">
      <Filter>リソース ファイル</Filter>
    </Image>
  </ItemGroup>
</Project>